
Microsoft Visual Studio Solution File, Format Version 12.00
# Visual Studio Version 17
VisualStudioVersion = 17.5.002.0
MinimumVisualStudioVersion = 10.0.40219.1
Project("{2150E333-8FDC-42A3-9474-1A3956D46DE8}") = "Web Service dotnet", "Web Service dotnet", "{7D0E2803-0739-4104-A566-E10B3C2FD3C1}"
EndProject
Project("{9A19103F-16F7-4668-BE54-9A1E7A4F7556}") = "TodoApi", "Web Service dotnet\TodoApi\TodoApi.csproj", "{532F1AE0-C06B-4780-A056-554608DDBF92}"
EndProject
Global
	GlobalSection(SolutionConfigurationPlatforms) = preSolution
		Debug|Any CPU = Debug|Any CPU
		Release|Any CPU = Release|Any CPU
	EndGlobalSection
	GlobalSection(ProjectConfigurationPlatforms) = postSolution
		{532F1AE0-C06B-4780-A056-554608DDBF92}.Debug|Any CPU.ActiveCfg = Debug|Any CPU
		{532F1AE0-C06B-4780-A056-554608DDBF92}.Debug|Any CPU.Build.0 = Debug|Any CPU
		{532F1AE0-C06B-4780-A056-554608DDBF92}.Release|Any CPU.ActiveCfg = Release|Any CPU
		{532F1AE0-C06B-4780-A056-554608DDBF92}.Release|Any CPU.Build.0 = Release|Any CPU
	EndGlobalSection
	GlobalSection(SolutionProperties) = preSolution
		HideSolutionNode = FALSE
	EndGlobalSection
	GlobalSection(NestedProjects) = preSolution
		{532F1AE0-C06B-4780-A056-554608DDBF92} = {7D0E2803-0739-4104-A566-E10B3C2FD3C1}
	EndGlobalSection
	GlobalSection(ExtensibilityGlobals) = postSolution
		SolutionGuid = {F2D0FF77-75C5-415D-BC64-BB8C60208031}
	EndGlobalSection
EndGlobal
